<?xml version="1.0" encoding="utf-8"?>
<Project ToolsVersion="4.0" xmlns="http://schemas.microsoft.com/developer/msbuild/2003">
  <ItemGroup>
    <Filter Include="Source Files">
      <UniqueIdentifier>{ebdac483-bff0-44f7-9471-e4bac90b4212}</UniqueIdentifier>
      <Extensions>cpp;c;cxx;rc;def;r;odl;idl;hpj;bat</Extensions>
    </Filter>
    <Filter Include="Header Files">
      <UniqueIdentifier>{64f7dcdb-9cce-49b0-a0b5-0c2b3b44c0f6}</UniqueIdentifier>
      <Extensions>h;hpp;hxx;hm;inl</Extensions>
    </Filter>
    <Filter Include="Resource Files">
      <UniqueIdentifier>{d69f0c20-342d-4f86-972e-49541eb97335}</UniqueIdentifier>
      <Extensions>ico;cur;bmp;dlg;rc2;rct;bin;rgs;gif;jpg;jpeg;jpe</Extensions>
    </Filter>
  </ItemGroup>
  <ItemGroup>
    <ClCompile Include="..\..\sources\bresnham.c">
      <Filter>Source Files</Filter>
    </ClCompile>
    <ClCompile Include="..\..\sources\chardraw.c">
      <Filter>Source Files</Filter>
    </ClCompile>
    <ClCompile Include="..\..\sources\clip.c">
      <Filter>Source Files</Filter>
    </ClCompile>
    <ClCompile Include="..\..\sources\fillpoly.c">
      <Filter>Source Files</Filter>
    </ClCompile>
    <ClCompile Include="..\..\sources\getopt.c">
      <Filter>Source Files</Filter>
    </ClCompile>
    <ClCompile Include="..\..\sources\getopt1.c">
      <Filter>Source Files</Filter>
    </ClCompile>
    <ClCompile Include="..\..\sources\hp2xx.c">
      <Filter>Source Files</Filter>
    </ClCompile>
    <ClCompile Include="..\..\sources\hpgl.c">
      <Filter>Source Files</Filter>
    </ClCompile>
    <ClCompile Include="..\..\sources\lindef.c">
      <Filter>Source Files</Filter>
    </ClCompile>
    <ClCompile Include="..\..\sources\murphy.c">
      <Filter>Source Files</Filter>
    </ClCompile>
    <ClCompile Include="..\..\sources\no_prev.c">
      <Filter>Source Files</Filter>
    </ClCompile>
    <ClCompile Include="..\..\sources\pendef.c">
      <Filter>Source Files</Filter>
    </ClCompile>
    <ClCompile Include="..\..\sources\picbuf.c">
      <Filter>Source Files</Filter>
    </ClCompile>
    <ClCompile Include="..\..\sources\std_main.c">
      <Filter>Source Files</Filter>
    </ClCompile>
    <ClCompile Include="..\..\sources\to_emf.c">
      <Filter>Source Files</Filter>
    </ClCompile>
    <ClCompile Include="..\..\sources\to_eps.c">
      <Filter>Source Files</Filter>
    </ClCompile>
    <ClCompile Include="..\..\sources\to_escp2.c">
      <Filter>Source Files</Filter>
    </ClCompile>
    <ClCompile Include="..\..\sources\to_fig.c">
      <Filter>Source Files</Filter>
    </ClCompile>
    <ClCompile Include="..\..\sources\to_ilbm.c">
      <Filter>Source Files</Filter>
    </ClCompile>
    <ClCompile Include="..\..\sources\to_img.c">
      <Filter>Source Files</Filter>
    </ClCompile>
    <ClCompile Include="..\..\sources\to_pac.c">
      <Filter>Source Files</Filter>
    </ClCompile>
    <ClCompile Include="..\..\sources\to_pbm.c">
      <Filter>Source Files</Filter>
    </ClCompile>
    <ClCompile Include="..\..\sources\to_pcl.c">
      <Filter>Source Files</Filter>
    </ClCompile>
    <ClCompile Include="..\..\sources\to_pcx.c">
      <Filter>Source Files</Filter>
    </ClCompile>
    <ClCompile Include="..\..\sources\to_pic.c">
      <Filter>Source Files</Filter>
    </ClCompile>
    <ClCompile Include="..\..\sources\to_vec.c">
      <Filter>Source Files</Filter>
    </ClCompile>
    <ClCompile Include="..\..\sources\to_rgip.c">
      <Filter>Source Files</Filter>
    </ClCompile>
  </ItemGroup>
  <ItemGroup>
    <ClInclude Include="..\..\sources\charset2.h">
      <Filter>Source Files</Filter>
    </ClInclude>
    <ClInclude Include="..\..\sources\bresnham.h">
      <Filter>Header Files</Filter>
    </ClInclude>
    <ClInclude Include="..\..\sources\chardraw.h">
      <Filter>Header Files</Filter>
    </ClInclude>
    <ClInclude Include="..\..\sources\charset0.h">
      <Filter>Header Files</Filter>
    </ClInclude>
    <ClInclude Include="..\..\sources\charset1.h">
      <Filter>Header Files</Filter>
    </ClInclude>
    <ClInclude Include="..\..\sources\charset3.h">
      <Filter>Header Files</Filter>
    </ClInclude>
    <ClInclude Include="..\..\sources\charset4.h">
      <Filter>Header Files</Filter>
    </ClInclude>
    <ClInclude Include="..\..\sources\charset5.h">
      <Filter>Header Files</Filter>
    </ClInclude>
    <ClInclude Include="..\..\sources\charset6.h">
      <Filter>Header Files</Filter>
    </ClInclude>
    <ClInclude Include="..\..\sources\charset7.h">
      <Filter>Header Files</Filter>
    </ClInclude>
    <ClInclude Include="..\..\sources\clip.h">
      <Filter>Header Files</Filter>
    </ClInclude>
    <ClInclude Include="..\..\sources\font173.h">
      <Filter>Header Files</Filter>
    </ClInclude>
    <ClInclude Include="..\..\sources\font205.h">
      <Filter>Header Files</Filter>
    </ClInclude>
    <ClInclude Include="..\..\sources\getopt.h">
      <Filter>Header Files</Filter>
    </ClInclude>
    <ClInclude Include="..\..\sources\hp2xx.h">
      <Filter>Header Files</Filter>
    </ClInclude>
    <ClInclude Include="..\..\sources\hpgl.h">
      <Filter>Header Files</Filter>
    </ClInclude>
    <ClInclude Include="..\..\sources\iff.h">
      <Filter>Header Files</Filter>
    </ClInclude>
    <ClInclude Include="..\..\sources\ilbm.h">
      <Filter>Header Files</Filter>
    </ClInclude>
    <ClInclude Include="..\..\sources\lindef.h">
      <Filter>Header Files</Filter>
    </ClInclude>
    <ClInclude Include="..\..\sources\murphy.h">
      <Filter>Header Files</Filter>
    </ClInclude>
    <ClInclude Include="..\..\sources\pendef.h">
      <Filter>Header Files</Filter>
    </ClInclude>
    <ClInclude Include="..\..\sources\picbuf.h">
      <Filter>Header Files</Filter>
    </ClInclude>
    <ClInclude Include="..\..\sources\to_png.h">
      <Filter>Header Files</Filter>
    </ClInclude>
    <ClInclude Include="..\..\sources\x11.h">
      <Filter>Header Files</Filter>
    </ClInclude>
  </ItemGroup>
</Project>